
Microsoft Visual Studio Solution File, Format Version 12.00
# Visual Studio 15
VisualStudioVersion = 15.0.28307.572
MinimumVisualStudioVersion = 10.0.40219.1
Project("{9A19103F-16F7-4668-BE54-9A1E7A4F7556}") = "RandomSpices", "RandomSpices.csproj", "{CC7292A4-4017-4C38-90B8-52A846475BB9}"
EndProject
Global
	GlobalSection(SolutionConfigurationPlatforms) = preSolution
		Debug|Any CPU = Debug|Any CPU
		Release|Any CPU = Release|Any CPU
	EndGlobalSection
	GlobalSection(ProjectConfigurationPlatforms) = postSolution
		{CC7292A4-4017-4C38-90B8-52A846475BB9}.Debug|Any CPU.ActiveCfg = Debug|Any CPU
		{CC7292A4-4017-4C38-90B8-52A846475BB9}.Debug|Any CPU.Build.0 = Debug|Any CPU
		{CC7292A4-4017-4C38-90B8-52A846475BB9}.Release|Any CPU.ActiveCfg = Release|Any CPU
		{CC7292A4-4017-4C38-90B8-52A846475BB9}.Release|Any CPU.Build.0 = Release|Any CPU
	EndGlobalSection
	GlobalSection(SolutionProperties) = preSolution
		HideSolutionNode = FALSE
	EndGlobalSection
	GlobalSection(ExtensibilityGlobals) = postSolution
		SolutionGuid = {856E73AB-8135-4813-8B14-1FB1A27BF174}
	EndGlobalSection
EndGlobal
